
Microsoft Visual Studio Solution File, Format Version 12.00
# Visual Studio Version 16
VisualStudioVersion = 16.0.29911.84
MinimumVisualStudioVersion = 10.0.40219.1
Project("{FAE04EC0-301F-11D3-BF4B-00C04F79EFBC}") = "MyComicList", "MyComicList.csproj", "{EE1279AD-1835-415B-943C-48B42AE6D202}"
EndProject
Project("{FAE04EC0-301F-11D3-BF4B-00C04F79EFBC}") = "DataStructure", "..\DataStructure\DataStructure.csproj", "{B153D13E-7820-4EBB-8A6C-3A736763333D}"
EndProject
Project("{FAE04EC0-301F-11D3-BF4B-00C04F79EFBC}") = "DataAccess", "..\DataAccess\DataAccess.csproj", "{8652DC47-FF42-4542-B1BB-EBB7F10B3E0F}"
EndProject
Global
	GlobalSection(SolutionConfigurationPlatforms) = preSolution
		Debug|Any CPU = Debug|Any CPU
		Release|Any CPU = Release|Any CPU
	EndGlobalSection
	GlobalSection(ProjectConfigurationPlatforms) = postSolution
		{EE1279AD-1835-415B-943C-48B42AE6D202}.Debug|Any CPU.ActiveCfg = Debug|Any CPU
		{EE1279AD-1835-415B-943C-48B42AE6D202}.Debug|Any CPU.Build.0 = Debug|Any CPU
		{EE1279AD-1835-415B-943C-48B42AE6D202}.Release|Any CPU.ActiveCfg = Release|Any CPU
		{EE1279AD-1835-415B-943C-48B42AE6D202}.Release|Any CPU.Build.0 = Release|Any CPU
		{B153D13E-7820-4EBB-8A6C-3A736763333D}.Debug|Any CPU.ActiveCfg = Debug|Any CPU
		{B153D13E-7820-4EBB-8A6C-3A736763333D}.Debug|Any CPU.Build.0 = Debug|Any CPU
		{B153D13E-7820-4EBB-8A6C-3A736763333D}.Release|Any CPU.ActiveCfg = Release|Any CPU
		{B153D13E-7820-4EBB-8A6C-3A736763333D}.Release|Any CPU.Build.0 = Release|Any CPU
		{8652DC47-FF42-4542-B1BB-EBB7F10B3E0F}.Debug|Any CPU.ActiveCfg = Debug|Any CPU
		{8652DC47-FF42-4542-B1BB-EBB7F10B3E0F}.Debug|Any CPU.Build.0 = Debug|Any CPU
		{8652DC47-FF42-4542-B1BB-EBB7F10B3E0F}.Release|Any CPU.ActiveCfg = Release|Any CPU
		{8652DC47-FF42-4542-B1BB-EBB7F10B3E0F}.Release|Any CPU.Build.0 = Release|Any CPU
	EndGlobalSection
	GlobalSection(SolutionProperties) = preSolution
		HideSolutionNode = FALSE
	EndGlobalSection
	GlobalSection(ExtensibilityGlobals) = postSolution
		SolutionGuid = {DEB06234-077C-4FE3-8714-CEBEF8FACD1E}
	EndGlobalSection
EndGlobal
